
Microsoft Visual Studio Solution File, Format Version 12.00
# Visual Studio Version 16
VisualStudioVersion = 16.0.32106.194
MinimumVisualStudioVersion = 10.0.40219.1
Project("{FAE04EC0-301F-11D3-BF4B-00C04F79EFBC}") = "PracticaPrograIII", "PracticaPrograIII\PracticaPrograIII.csproj", "{427B705A-C5BA-489D-A3F6-F60A77141129}"
EndProject
Global
	GlobalSection(SolutionConfigurationPlatforms) = preSolution
		Debug|Any CPU = Debug|Any CPU
		Release|Any CPU = Release|Any CPU
	EndGlobalSection
	GlobalSection(ProjectConfigurationPlatforms) = postSolution
		{427B705A-C5BA-489D-A3F6-F60A77141129}.Debug|Any CPU.ActiveCfg = Debug|Any CPU
		{427B705A-C5BA-489D-A3F6-F60A77141129}.Debug|Any CPU.Build.0 = Debug|Any CPU
		{427B705A-C5BA-489D-A3F6-F60A77141129}.Release|Any CPU.ActiveCfg = Release|Any CPU
		{427B705A-C5BA-489D-A3F6-F60A77141129}.Release|Any CPU.Build.0 = Release|Any CPU
	EndGlobalSection
	GlobalSection(SolutionProperties) = preSolution
		HideSolutionNode = FALSE
	EndGlobalSection
	GlobalSection(ExtensibilityGlobals) = postSolution
		SolutionGuid = {33F2426D-495D-4E8A-A303-3AB77819DC16}
	EndGlobalSection
EndGlobal
